lockfileVersion: '9.0'

settings:
  autoInstallPeers: true
  excludeLinksFromLockfile: false

importers:

  .:
    dependencies:
      better-sqlite3:
        specifier: ^13.0.1
        version: 13.0.1
      ws:
        specifier: ^8.0.0
        version: 8.21.1
      yaml:
        specifier: ^2.0.0
        version: 2.9.0

packages:

  better-sqlite3@13.0.1:
    resolution: {integrity: sha512-LYpmOXdkpQYf4wmlxkdzW01XGlOXNIbjLg45yNkh0FQ4814VbK9PdOFmhZpYbej+EZtR/i3FDdhEG98HqZdgnA==}
    engines: {node: '>=22'}

  node-addon-api@8.9.0:
    resolution: {integrity: sha512-ekZMeaaIzSQTSpr7X2X3iJM7lTzgnx8ahAG9pJfT/7+14mlEM8ZYQ9cgCDvSSRbReFK0oHli3WrZdCiRsgAT9Q==}
    engines: {node: ^18 || ^20 || >= 21}

  ws@8.21.1:
    resolution: {integrity: sha512-+0NTnW77fFN/DjQi6k/Sq/Yvk4Sgajw7urW8V+asjXnRgDs9gyGkdb7EzgfhA4goXsRIZKE28fzIXBHEzhuiWw==}
    engines: {node: '>=10.0.0'}
    peerDependencies:
      bufferutil: ^4.0.1
      utf-8-validate: '>=5.0.2'
    peerDependenciesMeta:
      bufferutil:
        optional: true
      utf-8-validate:
        optional: true

  yaml@2.9.0:
    resolution: {integrity: sha512-2AvhNX3mb8zd6Zy7INTtSpl1F15HW6Wnqj0srWlkKLcpYl/gMIMJiyuGq2KeI2YFxUPjdlB+3Lc10seMLtL4cA==}
    engines: {node: '>= 14.6'}
    hasBin: true

snapshots:

  better-sqlite3@13.0.1:
    dependencies:
      node-addon-api: 8.9.0

  node-addon-api@8.9.0: {}

  ws@8.21.1: {}

  yaml@2.9.0: {}
